
Microsoft Visual Studio Solution File, Format Version 12.00
# Visual Studio Version 16
VisualStudioVersion = 16.0.31624.102
MinimumVisualStudioVersion = 10.0.40219.1
Project("{8BC9CEB8-8B4A-11D0-8D11-00A0C91BC942}") = "HelicopterGame", "HelicopterGame\HelicopterGame.vcxproj", "{9E299BC3-90BB-438C-AB7C-4651718D94C0}"
EndProject
Project("{8BC9CEB8-8B4A-11D0-8D11-00A0C91BC942}") = "MapEditor", "MapEditor\MapEditor.vcxproj", "{489626D5-CDBD-4CA7-9580-DD2393160079}"
EndProject
Global
	GlobalSection(SolutionConfigurationPlatforms) = preSolution
		Debug|x64 = Debug|x64
		Debug|x86 = Debug|x86
		Release|x64 = Release|x64
		Release|x86 = Release|x86
	EndGlobalSection
	GlobalSection(ProjectConfigurationPlatforms) = postSolution
		{9E299BC3-90BB-438C-AB7C-4651718D94C0}.Debug|x64.ActiveCfg = Debug|x64
		{9E299BC3-90BB-438C-AB7C-4651718D94C0}.Debug|x64.Build.0 = Debug|x64
		{9E299BC3-90BB-438C-AB7C-4651718D94C0}.Debug|x86.ActiveCfg = Debug|Win32
		{9E299BC3-90BB-438C-AB7C-4651718D94C0}.Debug|x86.Build.0 = Debug|Win32
		{9E299BC3-90BB-438C-AB7C-4651718D94C0}.Release|x64.ActiveCfg = Release|x64
		{9E299BC3-90BB-438C-AB7C-4651718D94C0}.Release|x64.Build.0 = Release|x64
		{9E299BC3-90BB-438C-AB7C-4651718D94C0}.Release|x86.ActiveCfg = Release|Win32
		{9E299BC3-90BB-438C-AB7C-4651718D94C0}.Release|x86.Build.0 = Release|Win32
		{489626D5-CDBD-4CA7-9580-DD2393160079}.Debug|x64.ActiveCfg = Debug|x64
		{489626D5-CDBD-4CA7-9580-DD2393160079}.Debug|x64.Build.0 = Debug|x64
		{489626D5-CDBD-4CA7-9580-DD2393160079}.Debug|x86.ActiveCfg = Debug|Win32
		{489626D5-CDBD-4CA7-9580-DD2393160079}.Debug|x86.Build.0 = Debug|Win32
		{489626D5-CDBD-4CA7-9580-DD2393160079}.Release|x64.ActiveCfg = Release|x64
		{489626D5-CDBD-4CA7-9580-DD2393160079}.Release|x64.Build.0 = Release|x64
		{489626D5-CDBD-4CA7-9580-DD2393160079}.Release|x86.ActiveCfg = Release|Win32
		{489626D5-CDBD-4CA7-9580-DD2393160079}.Release|x86.Build.0 = Release|Win32
	EndGlobalSection
	GlobalSection(SolutionProperties) = preSolution
		HideSolutionNode = FALSE
	EndGlobalSection
	GlobalSection(ExtensibilityGlobals) = postSolution
		SolutionGuid = {0BCC8BF8-574D-4973-94B8-AFC2A849711C}
	EndGlobalSection
EndGlobal
